{
  "nodes": {
    "flake-compat": {
      "flake": false,
      "locked": {
        "lastModified": 1747046372,
        "narHash": "sha256-CIVLLkVgvHYbgI2UpXvIIBJ12HWgX+fjA8Xf8PUmqCY=",
        "owner": "edolstra",
        "repo": "flake-compat",
        "rev": "9100a0f413b0c601e0533d1d94ffd501ce2e7885",
        "type": "github"
      },
      "original": {
        "owner": "edolstra",
        "repo": "flake-compat",
        "type": "github"
      }
    },
    "home-manager": {
      "inputs": {
        "nixpkgs": [
          "nixpkgs"
        ]
      },
      "locked": {
        "lastModified": 1756022458,
        "narHash": "sha256-J1i35r4HfNDdPpwL0vOBaZopQudAUVtartEerc1Jryc=",
        "owner": "nix-community",
        "repo": "home-manager",
        "rev": "9e3a33c0bcbc25619e540b9dfea372282f8a9740",
        "type": "github"
      },
      "original": {
        "owner": "nix-community",
        "ref": "master",
        "repo": "home-manager",
        "type": "github"
      }
    },
    "niri-flake": {
      "inputs": {
        "niri-stable": "niri-stable",
        "niri-unstable": "niri-unstable",
        "nixpkgs": "nixpkgs",
        "nixpkgs-stable": "nixpkgs-stable",
        "xwayland-satellite-stable": "xwayland-satellite-stable",
        "xwayland-satellite-unstable": "xwayland-satellite-unstable"
      },
      "locked": {
        "lastModified": 1756188424,
        "narHash": "sha256-LvfwTK+Ngf+hRrfjCziQL9XEjqmFJUMqmE7bU8JujK4=",
        "owner": "sodiboo",
        "repo": "niri-flake",
        "rev": "c7341b5b3b1b7deb164bcaa54cc240a809352470",
        "type": "github"
      },
      "original": {
        "owner": "sodiboo",
        "repo": "niri-flake",
        "type": "github"
      }
    },
    "niri-stable": {
      "flake": false,
      "locked": {
        "lastModified": 1748151941,
        "narHash": "sha256-z4viQZLgC2bIJ3VrzQnR+q2F3gAOEQpU1H5xHtX/2fs=",
        "owner": "YaLTeR",
        "repo": "niri",
        "rev": "8ba57fcf25d2fc9565131684a839d58703f1dae7",
        "type": "github"
      },
      "original": {
        "owner": "YaLTeR",
        "ref": "v25.05.1",
        "repo": "niri",
        "type": "github"
      }
    },
    "niri-unstable": {
      "flake": false,
      "locked": {
        "lastModified": 1756121001,
        "narHash": "sha256-qAS8KtQSInO80zmTwTxmlOZzD9tTl8tc1hY0CYRSr78=",
        "owner": "YaLTeR",
        "repo": "niri",
        "rev": "9b622b1c8cee332b0dd5a92ba07242b3d0dc2198",
        "type": "github"
      },
      "original": {
        "owner": "YaLTeR",
        "repo": "niri",
        "type": "github"
      }
    },
    "nixos-wsl": {
      "inputs": {
        "flake-compat": "flake-compat",
        "nixpkgs": [
          "nixpkgs"
        ]
      },
      "locked": {
        "lastModified": 1755261305,
        "narHash": "sha256-EOqCupB5X5WoGVHVcfOZcqy0SbKWNuY3kq+lj1wHdu8=",
        "owner": "nix-community",
        "repo": "NixOS-WSL",
        "rev": "203a7b463f307c60026136dd1191d9001c43457f",
        "type": "github"
      },
      "original": {
        "owner": "nix-community",
        "ref": "main",
        "repo": "NixOS-WSL",
        "type": "github"
      }
    },
    "nixpkgs": {
      "locked": {
        "lastModified": 1756125398,
        "narHash": "sha256-XexyKZpf46cMiO5Vbj+dWSAXOnr285GHsMch8FBoHbc=",
        "owner": "NixOS",
        "repo": "nixpkgs",
        "rev": "3b9f00d7a7bf68acd4c4abb9d43695afb04e03a5",
        "type": "github"
      },
      "original": {
        "owner": "NixOS",
        "ref": "nixos-unstable",
        "repo": "nixpkgs",
        "type": "github"
      }
    },
    "nixpkgs-stable": {
      "locked": {
        "lastModified": 1755922037,
        "narHash": "sha256-wY1+2JPH0ZZC4BQefoZw/k+3+DowFyfOxv17CN/idKs=",
        "owner": "NixOS",
        "repo": "nixpkgs",
        "rev": "b1b3291469652d5a2edb0becc4ef0246fff97a7c",
        "type": "github"
      },
      "original": {
        "owner": "NixOS",
        "ref": "nixos-25.05",
        "repo": "nixpkgs",
        "type": "github"
      }
    },
    "nixpkgs-unstable": {
      "locked": {
        "lastModified": 1756125398,
        "narHash": "sha256-XexyKZpf46cMiO5Vbj+dWSAXOnr285GHsMch8FBoHbc=",
        "owner": "nixos",
        "repo": "nixpkgs",
        "rev": "3b9f00d7a7bf68acd4c4abb9d43695afb04e03a5",
        "type": "github"
      },
      "original": {
        "owner": "nixos",
        "ref": "nixos-unstable",
        "repo": "nixpkgs",
        "type": "github"
      }
    },
    "nixpkgs_2": {
      "locked": {
        "lastModified": 1756125398,
        "narHash": "sha256-XexyKZpf46cMiO5Vbj+dWSAXOnr285GHsMch8FBoHbc=",
        "owner": "nixos",
        "repo": "nixpkgs",
        "rev": "3b9f00d7a7bf68acd4c4abb9d43695afb04e03a5",
        "type": "github"
      },
      "original": {
        "owner": "nixos",
        "ref": "nixos-unstable",
        "repo": "nixpkgs",
        "type": "github"
      }
    },
    "root": {
      "inputs": {
        "home-manager": "home-manager",
        "niri-flake": "niri-flake",
        "nixos-wsl": "nixos-wsl",
        "nixpkgs": "nixpkgs_2",
        "nixpkgs-unstable": "nixpkgs-unstable"
      }
    },
    "xwayland-satellite-stable": {
      "flake": false,
      "locked": {
        "lastModified": 1755491097,
        "narHash": "sha256-m+9tUfsmBeF2Gn4HWa6vSITZ4Gz1eA1F5Kh62B0N4oE=",
        "owner": "Supreeeme",
        "repo": "xwayland-satellite",
        "rev": "388d291e82ffbc73be18169d39470f340707edaa",
        "type": "github"
      },
      "original": {
        "owner": "Supreeeme",
        "ref": "v0.7",
        "repo": "xwayland-satellite",
        "type": "github"
      }
    },
    "xwayland-satellite-unstable": {
      "flake": false,
      "locked": {
        "lastModified": 1755963545,
        "narHash": "sha256-hGXzVhlk+gelqagKAgOHbilNYasM+jM3T8JPshDl2/M=",
        "owner": "Supreeeme",
        "repo": "xwayland-satellite",
        "rev": "d759c64681bab7cd34f48122037d7420d42f3024",
        "type": "github"
      },
      "original": {
        "owner": "Supreeeme",
        "repo": "xwayland-satellite",
        "type": "github"
      }
    }
  },
  "root": "root",
  "version": 7
}
